<?xml version="1.0" encoding="utf-8"?>
<Project ToolsVersion="4.0" xmlns="http://schemas.microsoft.com/developer/msbuild/2003">
  <ItemGroup>
    <Filter Include="源文件">
      <UniqueIdentifier>{4FC737F1-C7A5-4376-A066-2A32D752A2FF}</UniqueIdentifier>
      <Extensions>cpp;c;cc;cxx;def;odl;idl;hpj;bat;asm;asmx</Extensions>
    </Filter>
    <Filter Include="头文件">
      <UniqueIdentifier>{93995380-89BD-4b04-88EB-625FBE52EBFB}</UniqueIdentifier>
      <Extensions>h;hpp;hxx;hm;inl;inc;xsd</Extensions>
    </Filter>
    <Filter Include="资源文件">
      <UniqueIdentifier>{67DA6AB6-F800-4c08-8B7A-83BB121AAD01}</UniqueIdentifier>
      <Extensions>rc;ico;cur;bmp;dlg;rc2;rct;bin;rgs;gif;jpg;jpeg;jpe;resx;tiff;tif;png;wav;mfcribbon-ms</Extensions>
    </Filter>
  </ItemGroup>
  <ItemGroup>
    <ClCompile Include="CThread.cpp">
      <Filter>源文件</Filter>
    </ClCompile>
    <ClCompile Include="循环打印ABCD.cpp">
      <Filter>源文件</Filter>
    </ClCompile>
    <ClCompile Include="打印ABCD线程同步.cpp">
      <Filter>源文件</Filter>
    </ClCompile>
    <ClCompile Include="demo1_创建最简单的多线程.cpp">
      <Filter>源文件</Filter>
    </ClCompile>
    <ClCompile Include="demo2_使用_beginthreadex创建线程.cpp">
      <Filter>源文件</Filter>
    </ClCompile>
    <ClCompile Include="demo3_原子操作函数使用1.cpp">
      <Filter>源文件</Filter>
    </ClCompile>
    <ClCompile Include="demo3_原子操作函数使用2.cpp">
      <Filter>源文件</Filter>
    </ClCompile>
    <ClCompile Include="demo4_一个经典的多线程同步.cpp">
      <Filter>源文件</Filter>
    </ClCompile>
    <ClCompile Include="demo5_经典线程同步_关键段CS.cpp">
      <Filter>源文件</Filter>
    </ClCompile>
    <ClCompile Include="demo6_经典线程同步_事件event.cpp">
      <Filter>源文件</Filter>
    </ClCompile>
    <ClCompile Include="demo6_eventplus的使用.cpp">
      <Filter>源文件</Filter>
    </ClCompile>
    <ClCompile Include="demo7_经典线程同步_互斥量Mutex.cpp">
      <Filter>源文件</Filter>
    </ClCompile>
    <ClCompile Include="demo7_互斥量的遗弃问题a.cpp">
      <Filter>源文件</Filter>
    </ClCompile>
    <ClCompile Include="demo7_互斥量的遗弃问题b.cpp">
      <Filter>源文件</Filter>
    </ClCompile>
    <ClCompile Include="demo8_信号量semaPhore.cpp">
      <Filter>源文件</Filter>
    </ClCompile>
    <ClCompile Include="demo9_生产者消费者问题a.cpp">
      <Filter>源文件</Filter>
    </ClCompile>
  </ItemGroup>
</Project>